
Microsoft Visual Studio Solution File, Format Version 12.00
# Visual Studio Version 16
VisualStudioVersion = 16.0.31729.503
MinimumVisualStudioVersion = 10.0.40219.1
Project("{FAE04EC0-301F-11D3-BF4B-00C04F79EFBC}") = "Dent-Oil-Canning2", "Dent-Oil-Canning2\Dent-Oil-Canning2.csproj", "{5245F58A-2B13-4DE2-A35E-3BC77F00223E}"
EndProject
Project("{FAE04EC0-301F-11D3-BF4B-00C04F79EFBC}") = "Oil Canning - Silverlight", "..\..\..\..\..\..\..\inetpub\wwwroot\OilCanning_Silverlight\ClientBin\Oil Canning - Silverlight - Copy\DotPeekExports\Oil Canning - Silverlight\Oil Canning - Silverlight.csproj", "{93B58240-1B31-4E76-9685-11C9BCD45106}"
EndProject
Global
	GlobalSection(SolutionConfigurationPlatforms) = preSolution
		Debug|Any CPU = Debug|Any CPU
		Release|Any CPU = Release|Any CPU
	EndGlobalSection
	GlobalSection(ProjectConfigurationPlatforms) = postSolution
		{5245F58A-2B13-4DE2-A35E-3BC77F00223E}.Debug|Any CPU.ActiveCfg = Debug|Any CPU
		{5245F58A-2B13-4DE2-A35E-3BC77F00223E}.Debug|Any CPU.Build.0 = Debug|Any CPU
		{5245F58A-2B13-4DE2-A35E-3BC77F00223E}.Release|Any CPU.ActiveCfg = Release|Any CPU
		{5245F58A-2B13-4DE2-A35E-3BC77F00223E}.Release|Any CPU.Build.0 = Release|Any CPU
		{93B58240-1B31-4E76-9685-11C9BCD45106}.Debug|Any CPU.ActiveCfg = Debug|Any CPU
		{93B58240-1B31-4E76-9685-11C9BCD45106}.Debug|Any CPU.Build.0 = Debug|Any CPU
		{93B58240-1B31-4E76-9685-11C9BCD45106}.Release|Any CPU.ActiveCfg = Release|Any CPU
		{93B58240-1B31-4E76-9685-11C9BCD45106}.Release|Any CPU.Build.0 = Release|Any CPU
	EndGlobalSection
	GlobalSection(SolutionProperties) = preSolution
		HideSolutionNode = FALSE
	EndGlobalSection
	GlobalSection(ExtensibilityGlobals) = postSolution
		SolutionGuid = {DCE7FAE3-FBE2-484F-A2FB-D2D2251BBF4B}
	EndGlobalSection
EndGlobal
