
Microsoft Visual Studio Solution File, Format Version 12.00
# Visual Studio Version 16
VisualStudioVersion = 16.0.31729.503
MinimumVisualStudioVersion = 10.0.40219.1
Project("{FAE04EC0-301F-11D3-BF4B-00C04F79EFBC}") = "Dent-Oil-Canning2", "Dent-Oil-Canning2\Dent-Oil-Canning2.csproj", "{5245F58A-2B13-4DE2-A35E-3BC77F00223E}"
EndProject
Project("{FAE04EC0-301F-11D3-BF4B-00C04F79EFBC}") = "Oil Canning - Silverlight", "..\..\..\..\..\inetpub\wwwroot\OilCanning_Silverlight\ClientBin\Oil Canning - Silverlight - Copy\DotPeekExports\Oil Canning - Silverlight\Oil Canning - Silverlight.csproj", "{93B58240-1B31-4E76-9685-11C9BCD45106}"
EndProject
Project("{FAE04EC0-301F-11D3-BF4B-00C04F79EFBC}") = "AMNS.FrontGate.TiSlot.Web", "..\FrontGate\AMNS.FrontGate.TiSlot.Web\AMNS.FrontGate.TiSlot.Web.csproj", "{67C97BC8-F05F-4CB8-B502-EBF589EFA21A}"
EndProject
Project("{FAE04EC0-301F-11D3-BF4B-00C04F79EFBC}") = "ContractorPermitTracking", "..\ContractorPermitTracking\ContractorPermitTracking\ContractorPermitTracking.csproj", "{800E53F9-FE66-40A6-96EA-341A0BEFDAAD}"
EndProject
Project("{FAE04EC0-301F-11D3-BF4B-00C04F79EFBC}") = "allpax_service_record", "..\..\..\..\..\Code\Service-Record-Final-MAY21\allpax_service_record.csproj", "{3213007B-7EC8-4EBC-8A4B-7E25A8A1B302}"
EndProject
Global
	GlobalSection(SolutionConfigurationPlatforms) = preSolution
		Debug|Any CPU = Debug|Any CPU
		Dev Debug|Any CPU = Dev Debug|Any CPU
		Dev Release|Any CPU = Dev Release|Any CPU
		Local Debug|Any CPU = Local Debug|Any CPU
		Local Release|Any CPU = Local Release|Any CPU
		Production|Any CPU = Production|Any CPU
		Release|Any CPU = Release|Any CPU
		UAT|Any CPU = UAT|Any CPU
	EndGlobalSection
	GlobalSection(ProjectConfigurationPlatforms) = postSolution
		{5245F58A-2B13-4DE2-A35E-3BC77F00223E}.Debug|Any CPU.ActiveCfg = Debug|Any CPU
		{5245F58A-2B13-4DE2-A35E-3BC77F00223E}.Debug|Any CPU.Build.0 = Debug|Any CPU
		{5245F58A-2B13-4DE2-A35E-3BC77F00223E}.Dev Debug|Any CPU.ActiveCfg = Debug|Any CPU
		{5245F58A-2B13-4DE2-A35E-3BC77F00223E}.Dev Debug|Any CPU.Build.0 = Debug|Any CPU
		{5245F58A-2B13-4DE2-A35E-3BC77F00223E}.Dev Release|Any CPU.ActiveCfg = Release|Any CPU
		{5245F58A-2B13-4DE2-A35E-3BC77F00223E}.Dev Release|Any CPU.Build.0 = Release|Any CPU
		{5245F58A-2B13-4DE2-A35E-3BC77F00223E}.Local Debug|Any CPU.ActiveCfg = Debug|Any CPU
		{5245F58A-2B13-4DE2-A35E-3BC77F00223E}.Local Debug|Any CPU.Build.0 = Debug|Any CPU
		{5245F58A-2B13-4DE2-A35E-3BC77F00223E}.Local Release|Any CPU.ActiveCfg = Release|Any CPU
		{5245F58A-2B13-4DE2-A35E-3BC77F00223E}.Local Release|Any CPU.Build.0 = Release|Any CPU
		{5245F58A-2B13-4DE2-A35E-3BC77F00223E}.Production|Any CPU.ActiveCfg = Release|Any CPU
		{5245F58A-2B13-4DE2-A35E-3BC77F00223E}.Production|Any CPU.Build.0 = Release|Any CPU
		{5245F58A-2B13-4DE2-A35E-3BC77F00223E}.Release|Any CPU.ActiveCfg = Release|Any CPU
		{5245F58A-2B13-4DE2-A35E-3BC77F00223E}.Release|Any CPU.Build.0 = Release|Any CPU
		{5245F58A-2B13-4DE2-A35E-3BC77F00223E}.UAT|Any CPU.ActiveCfg = Release|Any CPU
		{5245F58A-2B13-4DE2-A35E-3BC77F00223E}.UAT|Any CPU.Build.0 = Release|Any CPU
		{93B58240-1B31-4E76-9685-11C9BCD45106}.Debug|Any CPU.ActiveCfg = Debug|Any CPU
		{93B58240-1B31-4E76-9685-11C9BCD45106}.Debug|Any CPU.Build.0 = Debug|Any CPU
		{93B58240-1B31-4E76-9685-11C9BCD45106}.Dev Debug|Any CPU.ActiveCfg = Debug|Any CPU
		{93B58240-1B31-4E76-9685-11C9BCD45106}.Dev Debug|Any CPU.Build.0 = Debug|Any CPU
		{93B58240-1B31-4E76-9685-11C9BCD45106}.Dev Release|Any CPU.ActiveCfg = Release|Any CPU
		{93B58240-1B31-4E76-9685-11C9BCD45106}.Dev Release|Any CPU.Build.0 = Release|Any CPU
		{93B58240-1B31-4E76-9685-11C9BCD45106}.Local Debug|Any CPU.ActiveCfg = Debug|Any CPU
		{93B58240-1B31-4E76-9685-11C9BCD45106}.Local Debug|Any CPU.Build.0 = Debug|Any CPU
		{93B58240-1B31-4E76-9685-11C9BCD45106}.Local Release|Any CPU.ActiveCfg = Release|Any CPU
		{93B58240-1B31-4E76-9685-11C9BCD45106}.Local Release|Any CPU.Build.0 = Release|Any CPU
		{93B58240-1B31-4E76-9685-11C9BCD45106}.Production|Any CPU.ActiveCfg = Release|Any CPU
		{93B58240-1B31-4E76-9685-11C9BCD45106}.Production|Any CPU.Build.0 = Release|Any CPU
		{93B58240-1B31-4E76-9685-11C9BCD45106}.Release|Any CPU.ActiveCfg = Release|Any CPU
		{93B58240-1B31-4E76-9685-11C9BCD45106}.Release|Any CPU.Build.0 = Release|Any CPU
		{93B58240-1B31-4E76-9685-11C9BCD45106}.UAT|Any CPU.ActiveCfg = Release|Any CPU
		{93B58240-1B31-4E76-9685-11C9BCD45106}.UAT|Any CPU.Build.0 = Release|Any CPU
		{67C97BC8-F05F-4CB8-B502-EBF589EFA21A}.Debug|Any CPU.ActiveCfg = Debug|Any CPU
		{67C97BC8-F05F-4CB8-B502-EBF589EFA21A}.Debug|Any CPU.Build.0 = Debug|Any CPU
		{67C97BC8-F05F-4CB8-B502-EBF589EFA21A}.Dev Debug|Any CPU.ActiveCfg = Debug|Any CPU
		{67C97BC8-F05F-4CB8-B502-EBF589EFA21A}.Dev Debug|Any CPU.Build.0 = Debug|Any CPU
		{67C97BC8-F05F-4CB8-B502-EBF589EFA21A}.Dev Release|Any CPU.ActiveCfg = Release|Any CPU
		{67C97BC8-F05F-4CB8-B502-EBF589EFA21A}.Dev Release|Any CPU.Build.0 = Release|Any CPU
		{67C97BC8-F05F-4CB8-B502-EBF589EFA21A}.Local Debug|Any CPU.ActiveCfg = Debug|Any CPU
		{67C97BC8-F05F-4CB8-B502-EBF589EFA21A}.Local Debug|Any CPU.Build.0 = Debug|Any CPU
		{67C97BC8-F05F-4CB8-B502-EBF589EFA21A}.Local Release|Any CPU.ActiveCfg = Release|Any CPU
		{67C97BC8-F05F-4CB8-B502-EBF589EFA21A}.Local Release|Any CPU.Build.0 = Release|Any CPU
		{67C97BC8-F05F-4CB8-B502-EBF589EFA21A}.Production|Any CPU.ActiveCfg = Debug|Any CPU
		{67C97BC8-F05F-4CB8-B502-EBF589EFA21A}.Production|Any CPU.Build.0 = Debug|Any CPU
		{67C97BC8-F05F-4CB8-B502-EBF589EFA21A}.Release|Any CPU.ActiveCfg = Release|Any CPU
		{67C97BC8-F05F-4CB8-B502-EBF589EFA21A}.Release|Any CPU.Build.0 = Release|Any CPU
		{67C97BC8-F05F-4CB8-B502-EBF589EFA21A}.UAT|Any CPU.ActiveCfg = Debug|Any CPU
		{67C97BC8-F05F-4CB8-B502-EBF589EFA21A}.UAT|Any CPU.Build.0 = Debug|Any CPU
		{800E53F9-FE66-40A6-96EA-341A0BEFDAAD}.Debug|Any CPU.ActiveCfg = Local Debug|Any CPU
		{800E53F9-FE66-40A6-96EA-341A0BEFDAAD}.Debug|Any CPU.Build.0 = Local Debug|Any CPU
		{800E53F9-FE66-40A6-96EA-341A0BEFDAAD}.Dev Debug|Any CPU.ActiveCfg = Dev Debug|Any CPU
		{800E53F9-FE66-40A6-96EA-341A0BEFDAAD}.Dev Debug|Any CPU.Build.0 = Dev Debug|Any CPU
		{800E53F9-FE66-40A6-96EA-341A0BEFDAAD}.Dev Release|Any CPU.ActiveCfg = Dev Release|Any CPU
		{800E53F9-FE66-40A6-96EA-341A0BEFDAAD}.Dev Release|Any CPU.Build.0 = Dev Release|Any CPU
		{800E53F9-FE66-40A6-96EA-341A0BEFDAAD}.Local Debug|Any CPU.ActiveCfg = Local Debug|Any CPU
		{800E53F9-FE66-40A6-96EA-341A0BEFDAAD}.Local Debug|Any CPU.Build.0 = Local Debug|Any CPU
		{800E53F9-FE66-40A6-96EA-341A0BEFDAAD}.Local Release|Any CPU.ActiveCfg = Local Release|Any CPU
		{800E53F9-FE66-40A6-96EA-341A0BEFDAAD}.Local Release|Any CPU.Build.0 = Local Release|Any CPU
		{800E53F9-FE66-40A6-96EA-341A0BEFDAAD}.Production|Any CPU.ActiveCfg = Production|Any CPU
		{800E53F9-FE66-40A6-96EA-341A0BEFDAAD}.Production|Any CPU.Build.0 = Production|Any CPU
		{800E53F9-FE66-40A6-96EA-341A0BEFDAAD}.Release|Any CPU.ActiveCfg = Local Release|Any CPU
		{800E53F9-FE66-40A6-96EA-341A0BEFDAAD}.Release|Any CPU.Build.0 = Local Release|Any CPU
		{800E53F9-FE66-40A6-96EA-341A0BEFDAAD}.UAT|Any CPU.ActiveCfg = UAT|Any CPU
		{800E53F9-FE66-40A6-96EA-341A0BEFDAAD}.UAT|Any CPU.Build.0 = UAT|Any CPU
		{3213007B-7EC8-4EBC-8A4B-7E25A8A1B302}.Debug|Any CPU.ActiveCfg = Debug|Any CPU
		{3213007B-7EC8-4EBC-8A4B-7E25A8A1B302}.Debug|Any CPU.Build.0 = Debug|Any CPU
		{3213007B-7EC8-4EBC-8A4B-7E25A8A1B302}.Dev Debug|Any CPU.ActiveCfg = Debug|Any CPU
		{3213007B-7EC8-4EBC-8A4B-7E25A8A1B302}.Dev Debug|Any CPU.Build.0 = Debug|Any CPU
		{3213007B-7EC8-4EBC-8A4B-7E25A8A1B302}.Dev Release|Any CPU.ActiveCfg = Release|Any CPU
		{3213007B-7EC8-4EBC-8A4B-7E25A8A1B302}.Dev Release|Any CPU.Build.0 = Release|Any CPU
		{3213007B-7EC8-4EBC-8A4B-7E25A8A1B302}.Local Debug|Any CPU.ActiveCfg = Debug|Any CPU
		{3213007B-7EC8-4EBC-8A4B-7E25A8A1B302}.Local Debug|Any CPU.Build.0 = Debug|Any CPU
		{3213007B-7EC8-4EBC-8A4B-7E25A8A1B302}.Local Release|Any CPU.ActiveCfg = Release|Any CPU
		{3213007B-7EC8-4EBC-8A4B-7E25A8A1B302}.Local Release|Any CPU.Build.0 = Release|Any CPU
		{3213007B-7EC8-4EBC-8A4B-7E25A8A1B302}.Production|Any CPU.ActiveCfg = Debug|Any CPU
		{3213007B-7EC8-4EBC-8A4B-7E25A8A1B302}.Production|Any CPU.Build.0 = Debug|Any CPU
		{3213007B-7EC8-4EBC-8A4B-7E25A8A1B302}.Release|Any CPU.ActiveCfg = Release|Any CPU
		{3213007B-7EC8-4EBC-8A4B-7E25A8A1B302}.Release|Any CPU.Build.0 = Release|Any CPU
		{3213007B-7EC8-4EBC-8A4B-7E25A8A1B302}.UAT|Any CPU.ActiveCfg = Debug|Any CPU
		{3213007B-7EC8-4EBC-8A4B-7E25A8A1B302}.UAT|Any CPU.Build.0 = Debug|Any CPU
	EndGlobalSection
	GlobalSection(SolutionProperties) = preSolution
		HideSolutionNode = FALSE
	EndGlobalSection
	GlobalSection(ExtensibilityGlobals) = postSolution
		SolutionGuid = {DCE7FAE3-FBE2-484F-A2FB-D2D2251BBF4B}
	EndGlobalSection
EndGlobal
